<Solution>
  <Folder Name="/src/">
    <Project Path="src/NabsPrefix.Api/NabsPrefix.Api.csproj" />
    <Project Path="src/NabsPrefix.AppHost/NabsPrefix.AppHost.csproj" />
    <Project Path="src/NabsPrefix.Frontend/NabsPrefix.Fontend.esproj">
      <Build />
      <Deploy />
    </Project>
    <Project Path="src/NabsPrefix.Gateway/NabsPrefix.Gateway.csproj" />
  </Folder>
</Solution>
